
Microsoft Visual Studio Solution File, Format Version 12.00
# Visual Studio Version 17
VisualStudioVersion = 17.14.36109.1
MinimumVisualStudioVersion = 10.0.40219.1
Project("{2150E333-8FDC-42A3-9474-1A3956D46DE8}") = "src", "src", "{03DB148A-C128-4449-A94F-269115DDDD1F}"
EndProject
Project("{FAE04EC0-301F-11D3-BF4B-00C04F79EFBC}") = "dotnet-qrshop", "src\dotnet-qrshop.csproj", "{57D92497-F41F-1D16-AE7C-39989409FA27}"
EndProject
Global
	GlobalSection(SolutionConfigurationPlatforms) = preSolution
		Debug|Any CPU = Debug|Any CPU
		Release|Any CPU = Release|Any CPU
	EndGlobalSection
	GlobalSection(ProjectConfigurationPlatforms) = postSolution
		{57D92497-F41F-1D16-AE7C-39989409FA27}.Debug|Any CPU.ActiveCfg = Debug|Any CPU
		{57D92497-F41F-1D16-AE7C-39989409FA27}.Debug|Any CPU.Build.0 = Debug|Any CPU
		{57D92497-F41F-1D16-AE7C-39989409FA27}.Release|Any CPU.ActiveCfg = Release|Any CPU
		{57D92497-F41F-1D16-AE7C-39989409FA27}.Release|Any CPU.Build.0 = Release|Any CPU
	EndGlobalSection
	GlobalSection(SolutionProperties) = preSolution
		HideSolutionNode = FALSE
	EndGlobalSection
	GlobalSection(NestedProjects) = preSolution
		{57D92497-F41F-1D16-AE7C-39989409FA27} = {03DB148A-C128-4449-A94F-269115DDDD1F}
	EndGlobalSection
	GlobalSection(ExtensibilityGlobals) = postSolution
		SolutionGuid = {4AC818A9-FAD4-4F2B-83D8-4EDC039159DA}
	EndGlobalSection
EndGlobal
